
Microsoft Visual Studio Solution File, Format Version 12.00
# Visual Studio Version 17
VisualStudioVersion = 17.0.32126.317
MinimumVisualStudioVersion = 10.0.40219.1
Project("{8BC9CEB8-8B4A-11D0-8D11-00A0C91BC942}") = "Lab4-RIPS", "Lab4-RIPS\Lab4-RIPS.vcxproj", "{EF5169A3-0ABB-4681-92AE-08D7F6F4F24C}"
EndProject
Project("{8BC9CEB8-8B4A-11D0-8D11-00A0C91BC942}") = "z3", "z3\z3.vcxproj", "{5A5982C1-635C-4473-9FF3-924960B130EB}"
EndProject
Global
	GlobalSection(SolutionConfigurationPlatforms) = preSolution
		Debug|x64 = Debug|x64
		Debug|x86 = Debug|x86
		Release|x64 = Release|x64
		Release|x86 = Release|x86
	EndGlobalSection
	GlobalSection(ProjectConfigurationPlatforms) = postSolution
		{EF5169A3-0ABB-4681-92AE-08D7F6F4F24C}.Debug|x64.ActiveCfg = Debug|x64
		{EF5169A3-0ABB-4681-92AE-08D7F6F4F24C}.Debug|x64.Build.0 = Debug|x64
		{EF5169A3-0ABB-4681-92AE-08D7F6F4F24C}.Debug|x86.ActiveCfg = Debug|Win32
		{EF5169A3-0ABB-4681-92AE-08D7F6F4F24C}.Debug|x86.Build.0 = Debug|Win32
		{EF5169A3-0ABB-4681-92AE-08D7F6F4F24C}.Release|x64.ActiveCfg = Release|x64
		{EF5169A3-0ABB-4681-92AE-08D7F6F4F24C}.Release|x64.Build.0 = Release|x64
		{EF5169A3-0ABB-4681-92AE-08D7F6F4F24C}.Release|x86.ActiveCfg = Release|Win32
		{EF5169A3-0ABB-4681-92AE-08D7F6F4F24C}.Release|x86.Build.0 = Release|Win32
		{5A5982C1-635C-4473-9FF3-924960B130EB}.Debug|x64.ActiveCfg = Debug|x64
		{5A5982C1-635C-4473-9FF3-924960B130EB}.Debug|x64.Build.0 = Debug|x64
		{5A5982C1-635C-4473-9FF3-924960B130EB}.Debug|x86.ActiveCfg = Debug|Win32
		{5A5982C1-635C-4473-9FF3-924960B130EB}.Debug|x86.Build.0 = Debug|Win32
		{5A5982C1-635C-4473-9FF3-924960B130EB}.Release|x64.ActiveCfg = Release|x64
		{5A5982C1-635C-4473-9FF3-924960B130EB}.Release|x64.Build.0 = Release|x64
		{5A5982C1-635C-4473-9FF3-924960B130EB}.Release|x86.ActiveCfg = Release|Win32
		{5A5982C1-635C-4473-9FF3-924960B130EB}.Release|x86.Build.0 = Release|Win32
	EndGlobalSection
	GlobalSection(SolutionProperties) = preSolution
		HideSolutionNode = FALSE
	EndGlobalSection
	GlobalSection(ExtensibilityGlobals) = postSolution
		SolutionGuid = {4A20565C-6F86-4BFC-B830-94F770FC62AB}
	EndGlobalSection
EndGlobal
